
Microsoft Visual Studio Solution File, Format Version 12.00
# Visual Studio 15
VisualStudioVersion = 15.0.27004.2002
MinimumVisualStudioVersion = 10.0.40219.1
Project("{FAE04EC0-301F-11D3-BF4B-00C04F79EFBC}") = "WebAppTest11", "WebAppTest11\WebAppTest11.csproj", "{4282B3B1-293F-4DD1-9C87-7F1B4D83187A}"
EndProject
Project("{FAE04EC0-301F-11D3-BF4B-00C04F79EFBC}") = "WebApp22", "WebApp22\WebApp22.csproj", "{8F071F2B-9E9A-447F-AFD4-372A4A695EA2}"
EndProject
Project("{FAE04EC0-301F-11D3-BF4B-00C04F79EFBC}") = "ConsoleApp33", "ConsoleApp33\ConsoleApp33.csproj", "{FB31A1BB-8966-47A4-B155-EF93D729DB87}"
EndProject
Project("{FAE04EC0-301F-11D3-BF4B-00C04F79EFBC}") = "ConsoleApp6", "ConsoleApp6\ConsoleApp6.csproj", "{ABD3CE4D-46EC-46FA-AF2E-24E095F34863}"
EndProject
Global
	GlobalSection(SolutionConfigurationPlatforms) = preSolution
		Debug|Any CPU = Debug|Any CPU
		Release|Any CPU = Release|Any CPU
	EndGlobalSection
	GlobalSection(ProjectConfigurationPlatforms) = postSolution
		{4282B3B1-293F-4DD1-9C87-7F1B4D83187A}.Debug|Any CPU.ActiveCfg = Debug|Any CPU
		{4282B3B1-293F-4DD1-9C87-7F1B4D83187A}.Debug|Any CPU.Build.0 = Debug|Any CPU
		{4282B3B1-293F-4DD1-9C87-7F1B4D83187A}.Release|Any CPU.ActiveCfg = Release|Any CPU
		{4282B3B1-293F-4DD1-9C87-7F1B4D83187A}.Release|Any CPU.Build.0 = Release|Any CPU
		{8F071F2B-9E9A-447F-AFD4-372A4A695EA2}.Debug|Any CPU.ActiveCfg = Debug|Any CPU
		{8F071F2B-9E9A-447F-AFD4-372A4A695EA2}.Debug|Any CPU.Build.0 = Debug|Any CPU
		{8F071F2B-9E9A-447F-AFD4-372A4A695EA2}.Release|Any CPU.ActiveCfg = Release|Any CPU
		{8F071F2B-9E9A-447F-AFD4-372A4A695EA2}.Release|Any CPU.Build.0 = Release|Any CPU
		{FB31A1BB-8966-47A4-B155-EF93D729DB87}.Debug|Any CPU.ActiveCfg = Debug|Any CPU
		{FB31A1BB-8966-47A4-B155-EF93D729DB87}.Debug|Any CPU.Build.0 = Debug|Any CPU
		{FB31A1BB-8966-47A4-B155-EF93D729DB87}.Release|Any CPU.ActiveCfg = Release|Any CPU
		{FB31A1BB-8966-47A4-B155-EF93D729DB87}.Release|Any CPU.Build.0 = Release|Any CPU
		{ABD3CE4D-46EC-46FA-AF2E-24E095F34863}.Debug|Any CPU.ActiveCfg = Debug|Any CPU
		{ABD3CE4D-46EC-46FA-AF2E-24E095F34863}.Debug|Any CPU.Build.0 = Debug|Any CPU
		{ABD3CE4D-46EC-46FA-AF2E-24E095F34863}.Release|Any CPU.ActiveCfg = Release|Any CPU
		{ABD3CE4D-46EC-46FA-AF2E-24E095F34863}.Release|Any CPU.Build.0 = Release|Any CPU
	EndGlobalSection
	GlobalSection(SolutionProperties) = preSolution
		HideSolutionNode = FALSE
	EndGlobalSection
	GlobalSection(ExtensibilityGlobals) = postSolution
		SolutionGuid = {ED15A2C2-C000-493F-AD31-6AF410F52F72}
	EndGlobalSection
EndGlobal
